
Microsoft Visual Studio Solution File, Format Version 12.00
# Visual Studio Version 17
VisualStudioVersion = 17.0.31903.59
MinimumVisualStudioVersion = 10.0.40219.1
Project("{2150E333-8FDC-42A3-9474-1A3956D46DE8}") = "src", "src", "{8AEA4CF4-9757-4105-A3E9-A14AE09BF2B0}"
EndProject
Project("{FAE04EC0-301F-11D3-BF4B-00C04F79EFBC}") = "MerckCuida.Web", "src\MerckCuida.Web\MerckCuida.Web.csproj", "{645711FA-7934-49A2-8080-D368B2DFCD18}"
EndProject
Project("{FAE04EC0-301F-11D3-BF4B-00C04F79EFBC}") = "MerckCuida.InterPlayers", "src\MerckCuida.InterPlayers\MerckCuida.InterPlayers.csproj", "{DD22D4AD-0C21-4619-9C2F-DA9F83F3EBE9}"
EndProject
Project("{FAE04EC0-301F-11D3-BF4B-00C04F79EFBC}") = "MerckCuida.Domain", "src\MerckCuida.Domain\MerckCuida.Domain.csproj", "{1D2A433A-B3BB-4006-9DCE-C18163B34986}"
EndProject
Project("{FAE04EC0-301F-11D3-BF4B-00C04F79EFBC}") = "MerckCuida.Infrastructure", "src\MerckCuida.Infrastructure\MerckCuida.Infrastructure.csproj", "{4F9BBCAB-3605-4CB2-9C17-E13C84C572FC}"
EndProject
Project("{2150E333-8FDC-42A3-9474-1A3956D46DE8}") = "tests", "tests", "{29025769-C435-4A22-BB8A-9B4A3B230C55}"
EndProject
Project("{FAE04EC0-301F-11D3-BF4B-00C04F79EFBC}") = "MerckCuida.IntegrationTests", "tests\MerckCuida.IntegrationTests\MerckCuida.IntegrationTests.csproj", "{2842BAD5-497B-4638-8BF3-D8838BC9F008}"
EndProject
Project("{FAE04EC0-301F-11D3-BF4B-00C04F79EFBC}") = "MerckCuida.UnitTests", "tests\MerckCuida.UnitTests\MerckCuida.UnitTests.csproj", "{EA5758DD-69EB-4C62-A5FC-0CBAAF83BAF9}"
EndProject
Global
	GlobalSection(SolutionConfigurationPlatforms) = preSolution
		Debug|Any CPU = Debug|Any CPU
		Release|Any CPU = Release|Any CPU
	EndGlobalSection
	GlobalSection(SolutionProperties) = preSolution
		HideSolutionNode = FALSE
	EndGlobalSection
	GlobalSection(ProjectConfigurationPlatforms) = postSolution
		{645711FA-7934-49A2-8080-D368B2DFCD18}.Debug|Any CPU.ActiveCfg = Debug|Any CPU
		{645711FA-7934-49A2-8080-D368B2DFCD18}.Debug|Any CPU.Build.0 = Debug|Any CPU
		{645711FA-7934-49A2-8080-D368B2DFCD18}.Release|Any CPU.ActiveCfg = Release|Any CPU
		{645711FA-7934-49A2-8080-D368B2DFCD18}.Release|Any CPU.Build.0 = Release|Any CPU
		{DD22D4AD-0C21-4619-9C2F-DA9F83F3EBE9}.Debug|Any CPU.ActiveCfg = Debug|Any CPU
		{DD22D4AD-0C21-4619-9C2F-DA9F83F3EBE9}.Debug|Any CPU.Build.0 = Debug|Any CPU
		{DD22D4AD-0C21-4619-9C2F-DA9F83F3EBE9}.Release|Any CPU.ActiveCfg = Release|Any CPU
		{DD22D4AD-0C21-4619-9C2F-DA9F83F3EBE9}.Release|Any CPU.Build.0 = Release|Any CPU
		{1D2A433A-B3BB-4006-9DCE-C18163B34986}.Debug|Any CPU.ActiveCfg = Debug|Any CPU
		{1D2A433A-B3BB-4006-9DCE-C18163B34986}.Debug|Any CPU.Build.0 = Debug|Any CPU
		{1D2A433A-B3BB-4006-9DCE-C18163B34986}.Release|Any CPU.ActiveCfg = Release|Any CPU
		{1D2A433A-B3BB-4006-9DCE-C18163B34986}.Release|Any CPU.Build.0 = Release|Any CPU
		{4F9BBCAB-3605-4CB2-9C17-E13C84C572FC}.Debug|Any CPU.ActiveCfg = Debug|Any CPU
		{4F9BBCAB-3605-4CB2-9C17-E13C84C572FC}.Debug|Any CPU.Build.0 = Debug|Any CPU
		{4F9BBCAB-3605-4CB2-9C17-E13C84C572FC}.Release|Any CPU.ActiveCfg = Release|Any CPU
		{4F9BBCAB-3605-4CB2-9C17-E13C84C572FC}.Release|Any CPU.Build.0 = Release|Any CPU
		{2842BAD5-497B-4638-8BF3-D8838BC9F008}.Debug|Any CPU.ActiveCfg = Debug|Any CPU
		{2842BAD5-497B-4638-8BF3-D8838BC9F008}.Debug|Any CPU.Build.0 = Debug|Any CPU
		{2842BAD5-497B-4638-8BF3-D8838BC9F008}.Release|Any CPU.ActiveCfg = Release|Any CPU
		{2842BAD5-497B-4638-8BF3-D8838BC9F008}.Release|Any CPU.Build.0 = Release|Any CPU
		{EA5758DD-69EB-4C62-A5FC-0CBAAF83BAF9}.Debug|Any CPU.ActiveCfg = Debug|Any CPU
		{EA5758DD-69EB-4C62-A5FC-0CBAAF83BAF9}.Debug|Any CPU.Build.0 = Debug|Any CPU
		{EA5758DD-69EB-4C62-A5FC-0CBAAF83BAF9}.Release|Any CPU.ActiveCfg = Release|Any CPU
		{EA5758DD-69EB-4C62-A5FC-0CBAAF83BAF9}.Release|Any CPU.Build.0 = Release|Any CPU
	EndGlobalSection
	GlobalSection(NestedProjects) = preSolution
		{645711FA-7934-49A2-8080-D368B2DFCD18} = {8AEA4CF4-9757-4105-A3E9-A14AE09BF2B0}
		{DD22D4AD-0C21-4619-9C2F-DA9F83F3EBE9} = {8AEA4CF4-9757-4105-A3E9-A14AE09BF2B0}
		{1D2A433A-B3BB-4006-9DCE-C18163B34986} = {8AEA4CF4-9757-4105-A3E9-A14AE09BF2B0}
		{4F9BBCAB-3605-4CB2-9C17-E13C84C572FC} = {8AEA4CF4-9757-4105-A3E9-A14AE09BF2B0}
		{2842BAD5-497B-4638-8BF3-D8838BC9F008} = {29025769-C435-4A22-BB8A-9B4A3B230C55}
		{EA5758DD-69EB-4C62-A5FC-0CBAAF83BAF9} = {29025769-C435-4A22-BB8A-9B4A3B230C55}
	EndGlobalSection
EndGlobal
